Microsoft Visual Studio Solution File, Format Version 12.00
# Visual Studio 15
VisualStudioVersion = 15.0.27130.2027
MinimumVisualStudioVersion = 15.0.26124.0
Project("{9A19103F-16F7-4668-BE54-9A1E7A4F7556}") = "DSAndA", "DSAndA\DSAndA.csproj", "{5203E101-2E1C-43AA-B607-28F4059DC341}"
EndProject
Project("{9A19103F-16F7-4668-BE54-9A1E7A4F7556}") = "DSAndA.Test", "DSAndA.Test\DSAndA.Test.csproj", "{BDDD6664-1FC6-4E75-A4E9-F4ADD63F3699}"
EndProject
Global
	GlobalSection(SolutionConfigurationPlatforms) = preSolution
		Debug|Any CPU = Debug|Any CPU
		Debug|x64 = Debug|x64
		Debug|x86 = Debug|x86
		Release|Any CPU = Release|Any CPU
		Release|x64 = Release|x64
		Release|x86 = Release|x86
	EndGlobalSection
	GlobalSection(ProjectConfigurationPlatforms) = postSolution
		{5203E101-2E1C-43AA-B607-28F4059DC341}.Debug|Any CPU.ActiveCfg = Debug|Any CPU
		{5203E101-2E1C-43AA-B607-28F4059DC341}.Debug|Any CPU.Build.0 = Debug|Any CPU
		{5203E101-2E1C-43AA-B607-28F4059DC341}.Debug|x64.ActiveCfg = Debug|Any CPU
		{5203E101-2E1C-43AA-B607-28F4059DC341}.Debug|x64.Build.0 = Debug|Any CPU
		{5203E101-2E1C-43AA-B607-28F4059DC341}.Debug|x86.ActiveCfg = Debug|Any CPU
		{5203E101-2E1C-43AA-B607-28F4059DC341}.Debug|x86.Build.0 = Debug|Any CPU
		{5203E101-2E1C-43AA-B607-28F4059DC341}.Release|Any CPU.ActiveCfg = Release|Any CPU
		{5203E101-2E1C-43AA-B607-28F4059DC341}.Release|Any CPU.Build.0 = Release|Any CPU
		{5203E101-2E1C-43AA-B607-28F4059DC341}.Release|x64.ActiveCfg = Release|Any CPU
		{5203E101-2E1C-43AA-B607-28F4059DC341}.Release|x64.Build.0 = Release|Any CPU
		{5203E101-2E1C-43AA-B607-28F4059DC341}.Release|x86.ActiveCfg = Release|Any CPU
		{5203E101-2E1C-43AA-B607-28F4059DC341}.Release|x86.Build.0 = Release|Any CPU
		{BDDD6664-1FC6-4E75-A4E9-F4ADD63F3699}.Debug|Any CPU.ActiveCfg = Debug|Any CPU
		{BDDD6664-1FC6-4E75-A4E9-F4ADD63F3699}.Debug|Any CPU.Build.0 = Debug|Any CPU
		{BDDD6664-1FC6-4E75-A4E9-F4ADD63F3699}.Debug|x64.ActiveCfg = Debug|Any CPU
		{BDDD6664-1FC6-4E75-A4E9-F4ADD63F3699}.Debug|x64.Build.0 = Debug|Any CPU
		{BDDD6664-1FC6-4E75-A4E9-F4ADD63F3699}.Debug|x86.ActiveCfg = Debug|Any CPU
		{BDDD6664-1FC6-4E75-A4E9-F4ADD63F3699}.Debug|x86.Build.0 = Debug|Any CPU
		{BDDD6664-1FC6-4E75-A4E9-F4ADD63F3699}.Release|Any CPU.ActiveCfg = Release|Any CPU
		{BDDD6664-1FC6-4E75-A4E9-F4ADD63F3699}.Release|Any CPU.Build.0 = Release|Any CPU
		{BDDD6664-1FC6-4E75-A4E9-F4ADD63F3699}.Release|x64.ActiveCfg = Release|Any CPU
		{BDDD6664-1FC6-4E75-A4E9-F4ADD63F3699}.Release|x64.Build.0 = Release|Any CPU
		{BDDD6664-1FC6-4E75-A4E9-F4ADD63F3699}.Release|x86.ActiveCfg = Release|Any CPU
		{BDDD6664-1FC6-4E75-A4E9-F4ADD63F3699}.Release|x86.Build.0 = Release|Any CPU
	EndGlobalSection
	GlobalSection(SolutionProperties) = preSolution
		HideSolutionNode = FALSE
	EndGlobalSection
	GlobalSection(ExtensibilityGlobals) = postSolution
		SolutionGuid = {DC1EA720-B5F5-4B42-BB85-D9DE685B0E25}
	EndGlobalSection
EndGlobal
