{
  "name": "quick-start",
  "version": "1.0.0",
  "lockfileVersion": 1,
  "requires": true,
  "dependencies": {
    "@openui5/sap.m": {
      "version": "1.67.1",
      "resolved": "https://registry.npmjs.org/@openui5/sap.m/-/sap.m-1.67.1.tgz",
      "integrity": "sha512-0k9m0BXg8sTzlp3OOFHKQF6T7ROHvJAFxBzxi9V5czotxILPgUWgVYFSwYoU3lUBciiqaINRbVtatXhEidH44g==",
      "requires": {
        "@openui5/sap.ui.core": "1.67.1",
        "@openui5/sap.ui.layout": "1.67.1",
        "@openui5/sap.ui.unified": "1.67.1"
      }
    },
    "@openui5/sap.ui.core": {
      "version": "1.67.1",
      "resolved": "https://registry.npmjs.org/@openui5/sap.ui.core/-/sap.ui.core-1.67.1.tgz",
      "integrity": "sha512-6pY6B3sTBa8+RpStcXNqWCl22xME1iHpWR8UxKex/GFpUeYVjeFFY1A1k+0ahJI581bc0TL0o8CD2pI8TNBwOQ=="
    },
    "@openui5/sap.ui.layout": {
      "version": "1.67.1",
      "resolved": "https://registry.npmjs.org/@openui5/sap.ui.layout/-/sap.ui.layout-1.67.1.tgz",
      "integrity": "sha512-D9Owr3cj7gpy/DgP6WhkQP5lNJg1Zt/kHT5eR5yXeYw+JOVzh6IlgijKEIPxaUZbrs2ArUxLfmmkDUNeOn8mvg==",
      "requires": {
        "@openui5/sap.ui.core": "1.67.1"
      }
    },
    "@openui5/sap.ui.unified": {
      "version": "1.67.1",
      "resolved": "https://registry.npmjs.org/@openui5/sap.ui.unified/-/sap.ui.unified-1.67.1.tgz",
      "integrity": "sha512-fZJiiWeWxn3GZNwwfDu1SRXCvxIBJoBvF9itMVnAMcRbrticFF9UWFV21eTJnWyEDSbFshLKsocj6OKqq2CsGg==",
      "requires": {
        "@openui5/sap.ui.core": "1.67.1"
      }
    },
    "@openui5/themelib_sap_belize": {
      "version": "1.67.1",
      "resolved": "https://registry.npmjs.org/@openui5/themelib_sap_belize/-/themelib_sap_belize-1.67.1.tgz",
      "integrity": "sha512-cqd0cYDihzy40Lg9X5eOPK3qsxYvKokRgzihh+L370cgFjnSGrcXqJOWZnyRXqhNK2aOQe48WD/NCYSIUp81Dw=="
    }
  }
}
